<?xml version="1.0" encoding="UTF-8" standalone="yes" ?>
<CodeBlocks_project_file>
	<FileVersion major="1" minor="6" />
	<Project>
		<Option title="LudumDare30" />
		<Option pch_mode="2" />
		<Option compiler="gcc" />
		<Build>
			<Target title="Debug">
				<Option output="bin/Debug/LudumDare30" prefix_auto="1" extension_auto="1" />
				<Option object_output="obj/Debug/" />
				<Option type="1" />
				<Option compiler="gcc" />
				<Compiler>
					<Add option="-g" />
					<Add directory="include" />
				</Compiler>
				<Linker>
					<Add library="sfml-audio-d" />
					<Add library="sfml-main-d" />
					<Add library="sfml-graphics-d" />
					<Add library="sfml-system-d" />
					<Add library="sfml-window-d" />
					<Add library="sfml-network-d" />
					<Add directory="lib" />
				</Linker>
			</Target>
			<Target title="Release">
				<Option output="bin/Release/LudumDare30" prefix_auto="1" extension_auto="1" />
				<Option object_output="obj/Release/" />
				<Option type="1" />
				<Option compiler="gcc" />
				<Compiler>
					<Add option="-O2" />
					<Add directory="src" />
					<Add directory="include" />
					<Add directory="src/" />
				</Compiler>
				<Linker>
					<Add option="-s" />
				</Linker>
			</Target>
		</Build>
		<Compiler>
			<Add option="-Wall" />
		</Compiler>
		<Unit filename="src/InputHandler.h" />
		<Unit filename="src/entity.cpp" />
		<Unit filename="src/entity.h" />
		<Unit filename="src/gameengine.cpp" />
		<Unit filename="src/gameengine.h" />
		<Unit filename="src/gamemap.cpp" />
		<Unit filename="src/gamemap.h" />
		<Unit filename="src/inputhandler.cpp" />
		<Unit filename="src/inputhandler.h" />
		<Unit filename="src/introstate.cpp" />
		<Unit filename="src/introstate.h" />
		<Unit filename="src/main.cpp" />
		<Unit filename="src/player.cpp" />
		<Unit filename="src/player.h" />
		<Unit filename="src/resourcemanager.cpp" />
		<Unit filename="src/resourcemanager.h" />
		<Unit filename="src/state.h" />
		<Unit filename="src/tiles/grasstile.cpp" />
		<Unit filename="src/tiles/grasstile.h" />
		<Unit filename="src/tiles/tile.h" />
		<Extensions>
			<code_completion />
			<envvars />
			<debugger />
			<lib_finder disable_auto="1" />
		</Extensions>
	</Project>
</CodeBlocks_project_file>
